
Microsoft Visual Studio Solution File, Format Version 12.00
# Visual Studio Version 17
VisualStudioVersion = 17.9.34728.123
MinimumVisualStudioVersion = 10.0.40219.1
Project("{FAE04EC0-301F-11D3-BF4B-00C04F79EFBC}") = "SORTEDSET_STRUCTURE", "SORTEDSET_STRUCTURE\SORTEDSET_STRUCTURE.csproj", "{512D613C-79F7-4AD7-AA4A-03C28D01C5CA}"
EndProject
Global
	GlobalSection(SolutionConfigurationPlatforms) = preSolution
		Debug|Any CPU = Debug|Any CPU
		Release|Any CPU = Release|Any CPU
	EndGlobalSection
	GlobalSection(ProjectConfigurationPlatforms) = postSolution
		{512D613C-79F7-4AD7-AA4A-03C28D01C5CA}.Debug|Any CPU.ActiveCfg = Debug|Any CPU
		{512D613C-79F7-4AD7-AA4A-03C28D01C5CA}.Debug|Any CPU.Build.0 = Debug|Any CPU
		{512D613C-79F7-4AD7-AA4A-03C28D01C5CA}.Release|Any CPU.ActiveCfg = Release|Any CPU
		{512D613C-79F7-4AD7-AA4A-03C28D01C5CA}.Release|Any CPU.Build.0 = Release|Any CPU
	EndGlobalSection
	GlobalSection(SolutionProperties) = preSolution
		HideSolutionNode = FALSE
	EndGlobalSection
	GlobalSection(ExtensibilityGlobals) = postSolution
		SolutionGuid = {0CD10FF5-50E1-4E76-ABBF-988D44E5750B}
	EndGlobalSection
EndGlobal
